// !$*UTF8*$!
{
	archiveVersion = 1;
	classes = {
	};
	objectVersion = 60;
	objects = {

/* Begin PBXBuildFile section */
		090978E82AF0E6C0006BD8DE /* TabBarVC.swift in Sources */ = {isa = PBXBuildFile; fileRef = 090978E72AF0E6C0006BD8DE /* TabBarVC.swift */; };
		090978ED2AF0E7A3006BD8DE /* MyCardVC.swift in Sources */ = {isa = PBXBuildFile; fileRef = 090978EC2AF0E7A3006BD8DE /* MyCardVC.swift */; };
		090978F12AF0E7B5006BD8DE /* ChatVC.swift in Sources */ = {isa = PBXBuildFile; fileRef = 090978F02AF0E7B5006BD8DE /* ChatVC.swift */; };
		090978F32AF0E809006BD8DE /* TabBarItemType.swift in Sources */ = {isa = PBXBuildFile; fileRef = 090978F22AF0E809006BD8DE /* TabBarItemType.swift */; };
		090978FA2AF272D2006BD8DE /* NotificationVC.swift in Sources */ = {isa = PBXBuildFile; fileRef = 090978F92AF272D2006BD8DE /* NotificationVC.swift */; };
		090978FC2AF27364006BD8DE /* ModalTopView.swift in Sources */ = {isa = PBXBuildFile; fileRef = 090978FB2AF27364006BD8DE /* ModalTopView.swift */; };
		090978FE2AF28778006BD8DE /* TagVC.swift in Sources */ = {isa = PBXBuildFile; fileRef = 090978FD2AF28778006BD8DE /* TagVC.swift */; };
		090979002AF287E0006BD8DE /* NavigationBarView.swift in Sources */ = {isa = PBXBuildFile; fileRef = 090978FF2AF287E0006BD8DE /* NavigationBarView.swift */; };
		090979022AF29086006BD8DE /* TagCollectionViewFlowLayout.swift in Sources */ = {isa = PBXBuildFile; fileRef = 090979012AF29086006BD8DE /* TagCollectionViewFlowLayout.swift */; };
		090979042AF29121006BD8DE /* TagCell.swift in Sources */ = {isa = PBXBuildFile; fileRef = 090979032AF29121006BD8DE /* TagCell.swift */; };
		0909790D2AF33D95006BD8DE /* TagModel.swift in Sources */ = {isa = PBXBuildFile; fileRef = 0909790C2AF33D95006BD8DE /* TagModel.swift */; };
		095D39032AEE79970083CC65 /* Colors.xcassets in Resources */ = {isa = PBXBuildFile; fileRef = 095D39022AEE79970083CC65 /* Colors.xcassets */; };
		095D390C2AEE7BC50083CC65 /* NanumSquareB.ttf in Resources */ = {isa = PBXBuildFile; fileRef = 095D390B2AEE7BC50083CC65 /* NanumSquareB.ttf */; };
		095D390E2AEE7BE00083CC65 /* NanumSquareEB.ttf in Resources */ = {isa = PBXBuildFile; fileRef = 095D390D2AEE7BE00083CC65 /* NanumSquareEB.ttf */; };
		095D39102AEE7BE60083CC65 /* NanumSquareR.ttf in Resources */ = {isa = PBXBuildFile; fileRef = 095D390F2AEE7BE60083CC65 /* NanumSquareR.ttf */; };
		098294182AF341290011773A /* BlockListVC.swift in Sources */ = {isa = PBXBuildFile; fileRef = 098294172AF341290011773A /* BlockListVC.swift */; };
		0982941A2AF342090011773A /* BlockListCell.swift in Sources */ = {isa = PBXBuildFile; fileRef = 098294192AF342090011773A /* BlockListCell.swift */; };
		0982941E2AF35E660011773A /* BlockListModel.swift in Sources */ = {isa = PBXBuildFile; fileRef = 0982941D2AF35E660011773A /* BlockListModel.swift */; };
		098294212AF3C1E50011773A /* TermsOfUseVC.swift in Sources */ = {isa = PBXBuildFile; fileRef = 098294202AF3C1E50011773A /* TermsOfUseVC.swift */; };
		098294232AF3C6180011773A /* ExternalURL.swift in Sources */ = {isa = PBXBuildFile; fileRef = 098294222AF3C6180011773A /* ExternalURL.swift */; };
		09BB55192AF0158C00A54B1B /* SettingVC.swift in Sources */ = {isa = PBXBuildFile; fileRef = 09BB55182AF0158C00A54B1B /* SettingVC.swift */; };
		09BB551E2AF0169700A54B1B /* SettingBasicCell.swift in Sources */ = {isa = PBXBuildFile; fileRef = 09BB551D2AF0169700A54B1B /* SettingBasicCell.swift */; };
		09BB55202AF016B200A54B1B /* SettingProfileCell.swift in Sources */ = {isa = PBXBuildFile; fileRef = 09BB551F2AF016B200A54B1B /* SettingProfileCell.swift */; };
		09BB55242AF02AB600A54B1B /* SettingDataSource.swift in Sources */ = {isa = PBXBuildFile; fileRef = 09BB55232AF02AB600A54B1B /* SettingDataSource.swift */; };
		09BB55262AF0430200A54B1B /* StringLiterals.swift in Sources */ = {isa = PBXBuildFile; fileRef = 09BB55252AF0430200A54B1B /* StringLiterals.swift */; };
		09BB55282AF0543100A54B1B /* ProfileResponseDTO.swift in Sources */ = {isa = PBXBuildFile; fileRef = 09BB55272AF0543100A54B1B /* ProfileResponseDTO.swift */; };
		09BB552A2AF0545400A54B1B /* SettingBasicModel.swift in Sources */ = {isa = PBXBuildFile; fileRef = 09BB55292AF0545400A54B1B /* SettingBasicModel.swift */; };
		311620632AE252E600E26420 /* Core in Frameworks */ = {isa = PBXBuildFile; productRef = 311620622AE252E600E26420 /* Core */; };
		31571C1E2AF3CBC00037A2F2 /* EventTableViewCell.swift in Sources */ = {isa = PBXBuildFile; fileRef = 31571C172AF3CBC00037A2F2 /* EventTableViewCell.swift */; };
		31571C1F2AF3CBC00037A2F2 /* FilterSettingBtn.swift in Sources */ = {isa = PBXBuildFile; fileRef = 31571C182AF3CBC00037A2F2 /* FilterSettingBtn.swift */; };
		31571C202AF3CBC00037A2F2 /* CategoryView.swift in Sources */ = {isa = PBXBuildFile; fileRef = 31571C192AF3CBC00037A2F2 /* CategoryView.swift */; };
		31571C212AF3CBC00037A2F2 /* ItemCountView.swift in Sources */ = {isa = PBXBuildFile; fileRef = 31571C1A2AF3CBC00037A2F2 /* ItemCountView.swift */; };
		31571C222AF3CBC00037A2F2 /* TagView.swift in Sources */ = {isa = PBXBuildFile; fileRef = 31571C1B2AF3CBC00037A2F2 /* TagView.swift */; };
		31571C232AF3CBC00037A2F2 /* EventCollectionViewCell.swift in Sources */ = {isa = PBXBuildFile; fileRef = 31571C1C2AF3CBC00037A2F2 /* EventCollectionViewCell.swift */; };
		31571C242AF3CBC00037A2F2 /* EventVC.swift in Sources */ = {isa = PBXBuildFile; fileRef = 31571C1D2AF3CBC00037A2F2 /* EventVC.swift */; };
		31571C262AF3CBC80037A2F2 /* Event.swift in Sources */ = {isa = PBXBuildFile; fileRef = 31571C252AF3CBC80037A2F2 /* Event.swift */; };
		31571C292AF3E1540037A2F2 /* .swiftlint.yml in Resources */ = {isa = PBXBuildFile; fileRef = 31571C282AF3E1540037A2F2 /* .swiftlint.yml */; };
		3162F0732AEA775E001B1D32 /* RxCocoa in Frameworks */ = {isa = PBXBuildFile; productRef = 3162F0722AEA775E001B1D32 /* RxCocoa */; };
		3162F0752AEA775E001B1D32 /* RxSwift in Frameworks */ = {isa = PBXBuildFile; productRef = 3162F0742AEA775E001B1D32 /* RxSwift */; };
		3164D47F2AE21F810054F440 /* AppDelegate.swift in Sources */ = {isa = PBXBuildFile; fileRef = 3164D47E2AE21F810054F440 /* AppDelegate.swift */; };
		3164D4812AE21F810054F440 /* SceneDelegate.swift in Sources */ = {isa = PBXBuildFile; fileRef = 3164D4802AE21F810054F440 /* SceneDelegate.swift */; };
		3164D4832AE21F810054F440 /* ViewController.swift in Sources */ = {isa = PBXBuildFile; fileRef = 3164D4822AE21F810054F440 /* ViewController.swift */; };
		3164D4882AE21F820054F440 /* Assets.xcassets in Resources */ = {isa = PBXBuildFile; fileRef = 3164D4872AE21F820054F440 /* Assets.xcassets */; };
		3164D48B2AE21F820054F440 /* LaunchScreen.storyboard in Resources */ = {isa = PBXBuildFile; fileRef = 3164D4892AE21F820054F440 /* LaunchScreen.storyboard */; };
		3164D4962AE21F820054F440 /* KerdyTests.swift in Sources */ = {isa = PBXBuildFile; fileRef = 3164D4952AE21F820054F440 /* KerdyTests.swift */; };
		3164D4A02AE21F820054F440 /* KerdyUITests.swift in Sources */ = {isa = PBXBuildFile; fileRef = 3164D49F2AE21F820054F440 /* KerdyUITests.swift */; };
		3164D4A22AE21F820054F440 /* KerdyUITestsLaunchTests.swift in Sources */ = {isa = PBXBuildFile; fileRef = 3164D4A12AE21F820054F440 /* KerdyUITestsLaunchTests.swift */; };
		3164D4B12AE223180054F440 /* Moya in Frameworks */ = {isa = PBXBuildFile; productRef = 3164D4B02AE223180054F440 /* Moya */; };
		3164D4B32AE223180054F440 /* RxMoya in Frameworks */ = {isa = PBXBuildFile; productRef = 3164D4B22AE223180054F440 /* RxMoya */; };
		3164D4B72AE223400054F440 /* SnapKit in Frameworks */ = {isa = PBXBuildFile; productRef = 3164D4B62AE223400054F440 /* SnapKit */; };
		5B216AFA2AF671CF00C028A0 /* FourthInitialSettingVC.swift in Sources */ = {isa = PBXBuildFile; fileRef = 5B216AF92AF671CF00C028A0 /* FourthInitialSettingVC.swift */; };
		5B370F3C2AF53E1300D0D3DE /* FirstInitialSettingVC.swift in Sources */ = {isa = PBXBuildFile; fileRef = 5B370F3B2AF53E1300D0D3DE /* FirstInitialSettingVC.swift */; };
		5B370F402AF53F1E00D0D3DE /* SecondInitialSettingVC.swift in Sources */ = {isa = PBXBuildFile; fileRef = 5B370F3F2AF53F1E00D0D3DE /* SecondInitialSettingVC.swift */; };
		5B370F422AF546CE00D0D3DE /* ThirdInitialSettingVC.swift in Sources */ = {isa = PBXBuildFile; fileRef = 5B370F412AF546CE00D0D3DE /* ThirdInitialSettingVC.swift */; };
		5BF17B3A2AF7D17600A03CEA /* CategoryViewModel.swift in Sources */ = {isa = PBXBuildFile; fileRef = 5BF17B392AF7D17600A03CEA /* CategoryViewModel.swift */; };
/* End PBXBuildFile section */

/* Begin PBXContainerItemProxy section */
		3164D4922AE21F820054F440 /* PBXContainerItemProxy */ = {
			isa = PBXContainerItemProxy;
			containerPortal = 3164D4732AE21F810054F440 /* Project object */;
			proxyType = 1;
			remoteGlobalIDString = 3164D47A2AE21F810054F440;
			remoteInfo = Kerdy;
		};
		3164D49C2AE21F820054F440 /* PBXContainerItemProxy */ = {
			isa = PBXContainerItemProxy;
			containerPortal = 3164D4732AE21F810054F440 /* Project object */;
			proxyType = 1;
			remoteGlobalIDString = 3164D47A2AE21F810054F440;
			remoteInfo = Kerdy;
		};
/* End PBXContainerItemProxy section */

/* Begin PBXFileReference section */
		090978E72AF0E6C0006BD8DE /* TabBarVC.swift */ = {isa = PBXFileReference; lastKnownFileType = sourcecode.swift; path = TabBarVC.swift; sourceTree = "<group>"; };
		090978EC2AF0E7A3006BD8DE /* MyCardVC.swift */ = {isa = PBXFileReference; lastKnownFileType = sourcecode.swift; path = MyCardVC.swift; sourceTree = "<group>"; };
		090978F02AF0E7B5006BD8DE /* ChatVC.swift */ = {isa = PBXFileReference; lastKnownFileType = sourcecode.swift; path = ChatVC.swift; sourceTree = "<group>"; };
		090978F22AF0E809006BD8DE /* TabBarItemType.swift */ = {isa = PBXFileReference; lastKnownFileType = sourcecode.swift; path = TabBarItemType.swift; sourceTree = "<group>"; };
		090978F92AF272D2006BD8DE /* NotificationVC.swift */ = {isa = PBXFileReference; lastKnownFileType = sourcecode.swift; path = NotificationVC.swift; sourceTree = "<group>"; };
		090978FB2AF27364006BD8DE /* ModalTopView.swift */ = {isa = PBXFileReference; lastKnownFileType = sourcecode.swift; path = ModalTopView.swift; sourceTree = "<group>"; };
		090978FD2AF28778006BD8DE /* TagVC.swift */ = {isa = PBXFileReference; lastKnownFileType = sourcecode.swift; path = TagVC.swift; sourceTree = "<group>"; };
		090978FF2AF287E0006BD8DE /* NavigationBarView.swift */ = {isa = PBXFileReference; lastKnownFileType = sourcecode.swift; path = NavigationBarView.swift; sourceTree = "<group>"; };
		090979012AF29086006BD8DE /* TagCollectionViewFlowLayout.swift */ = {isa = PBXFileReference; lastKnownFileType = sourcecode.swift; path = TagCollectionViewFlowLayout.swift; sourceTree = "<group>"; };
		090979032AF29121006BD8DE /* TagCell.swift */ = {isa = PBXFileReference; lastKnownFileType = sourcecode.swift; path = TagCell.swift; sourceTree = "<group>"; };
		0909790C2AF33D95006BD8DE /* TagModel.swift */ = {isa = PBXFileReference; lastKnownFileType = sourcecode.swift; path = TagModel.swift; sourceTree = "<group>"; };
		095D39022AEE79970083CC65 /* Colors.xcassets */ = {isa = PBXFileReference; lastKnownFileType = folder.assetcatalog; path = Colors.xcassets; sourceTree = "<group>"; };
		095D390B2AEE7BC50083CC65 /* NanumSquareB.ttf */ = {isa = PBXFileReference; lastKnownFileType = file; path = NanumSquareB.ttf; sourceTree = "<group>"; };
		095D390D2AEE7BE00083CC65 /* NanumSquareEB.ttf */ = {isa = PBXFileReference; lastKnownFileType = file; path = NanumSquareEB.ttf; sourceTree = "<group>"; };
		095D390F2AEE7BE60083CC65 /* NanumSquareR.ttf */ = {isa = PBXFileReference; lastKnownFileType = file; path = NanumSquareR.ttf; sourceTree = "<group>"; };
		098294172AF341290011773A /* BlockListVC.swift */ = {isa = PBXFileReference; lastKnownFileType = sourcecode.swift; path = BlockListVC.swift; sourceTree = "<group>"; };
		098294192AF342090011773A /* BlockListCell.swift */ = {isa = PBXFileReference; lastKnownFileType = sourcecode.swift; path = BlockListCell.swift; sourceTree = "<group>"; };
		0982941D2AF35E660011773A /* BlockListModel.swift */ = {isa = PBXFileReference; lastKnownFileType = sourcecode.swift; path = BlockListModel.swift; sourceTree = "<group>"; };
		098294202AF3C1E50011773A /* TermsOfUseVC.swift */ = {isa = PBXFileReference; lastKnownFileType = sourcecode.swift; path = TermsOfUseVC.swift; sourceTree = "<group>"; };
		098294222AF3C6180011773A /* ExternalURL.swift */ = {isa = PBXFileReference; lastKnownFileType = sourcecode.swift; path = ExternalURL.swift; sourceTree = "<group>"; };
		09BB55182AF0158C00A54B1B /* SettingVC.swift */ = {isa = PBXFileReference; lastKnownFileType = sourcecode.swift; path = SettingVC.swift; sourceTree = "<group>"; };
		09BB551D2AF0169700A54B1B /* SettingBasicCell.swift */ = {isa = PBXFileReference; lastKnownFileType = sourcecode.swift; path = SettingBasicCell.swift; sourceTree = "<group>"; };
		09BB551F2AF016B200A54B1B /* SettingProfileCell.swift */ = {isa = PBXFileReference; lastKnownFileType = sourcecode.swift; path = SettingProfileCell.swift; sourceTree = "<group>"; };
		09BB55232AF02AB600A54B1B /* SettingDataSource.swift */ = {isa = PBXFileReference; lastKnownFileType = sourcecode.swift; path = SettingDataSource.swift; sourceTree = "<group>"; };
		09BB55252AF0430200A54B1B /* StringLiterals.swift */ = {isa = PBXFileReference; lastKnownFileType = sourcecode.swift; path = StringLiterals.swift; sourceTree = "<group>"; };
		09BB55272AF0543100A54B1B /* ProfileResponseDTO.swift */ = {isa = PBXFileReference; lastKnownFileType = sourcecode.swift; path = ProfileResponseDTO.swift; sourceTree = "<group>"; };
		09BB55292AF0545400A54B1B /* SettingBasicModel.swift */ = {isa = PBXFileReference; lastKnownFileType = sourcecode.swift; path = SettingBasicModel.swift; sourceTree = "<group>"; };
		311620612AE252E200E26420 /* Core */ = {isa = PBXFileReference; lastKnownFileType = wrapper; name = Core; path = ../Core; sourceTree = "<group>"; };
		31571C172AF3CBC00037A2F2 /* EventTableViewCell.swift */ = {isa = PBXFileReference; fileEncoding = 4; lastKnownFileType = sourcecode.swift; path = EventTableViewCell.swift; sourceTree = "<group>"; };
		31571C182AF3CBC00037A2F2 /* FilterSettingBtn.swift */ = {isa = PBXFileReference; fileEncoding = 4; lastKnownFileType = sourcecode.swift; path = FilterSettingBtn.swift; sourceTree = "<group>"; };
		31571C192AF3CBC00037A2F2 /* CategoryView.swift */ = {isa = PBXFileReference; fileEncoding = 4; lastKnownFileType = sourcecode.swift; path = CategoryView.swift; sourceTree = "<group>"; };
		31571C1A2AF3CBC00037A2F2 /* ItemCountView.swift */ = {isa = PBXFileReference; fileEncoding = 4; lastKnownFileType = sourcecode.swift; path = ItemCountView.swift; sourceTree = "<group>"; };
		31571C1B2AF3CBC00037A2F2 /* TagView.swift */ = {isa = PBXFileReference; fileEncoding = 4; lastKnownFileType = sourcecode.swift; path = TagView.swift; sourceTree = "<group>"; };
		31571C1C2AF3CBC00037A2F2 /* EventCollectionViewCell.swift */ = {isa = PBXFileReference; fileEncoding = 4; lastKnownFileType = sourcecode.swift; path = EventCollectionViewCell.swift; sourceTree = "<group>"; };
		31571C1D2AF3CBC00037A2F2 /* EventVC.swift */ = {isa = PBXFileReference; fileEncoding = 4; lastKnownFileType = sourcecode.swift; path = EventVC.swift; sourceTree = "<group>"; };
		31571C252AF3CBC80037A2F2 /* Event.swift */ = {isa = PBXFileReference; fileEncoding = 4; lastKnownFileType = sourcecode.swift; path = Event.swift; sourceTree = "<group>"; };
		31571C282AF3E1540037A2F2 /* .swiftlint.yml */ = {isa = PBXFileReference; lastKnownFileType = text.yaml; path = .swiftlint.yml; sourceTree = "<group>"; };
		3164D47B2AE21F810054F440 /* Kerdy.app */ = {isa = PBXFileReference; explicitFileType = wrapper.application; includeInIndex = 0; path = Kerdy.app; sourceTree = BUILT_PRODUCTS_DIR; };
		3164D47E2AE21F810054F440 /* AppDelegate.swift */ = {isa = PBXFileReference; lastKnownFileType = sourcecode.swift; path = AppDelegate.swift; sourceTree = "<group>"; };
		3164D4802AE21F810054F440 /* SceneDelegate.swift */ = {isa = PBXFileReference; lastKnownFileType = sourcecode.swift; path = SceneDelegate.swift; sourceTree = "<group>"; };
		3164D4822AE21F810054F440 /* ViewController.swift */ = {isa = PBXFileReference; lastKnownFileType = sourcecode.swift; path = ViewController.swift; sourceTree = "<group>"; };
		3164D4872AE21F820054F440 /* Assets.xcassets */ = {isa = PBXFileReference; lastKnownFileType = folder.assetcatalog; path = Assets.xcassets; sourceTree = "<group>"; };
		3164D48A2AE21F820054F440 /* Base */ = {isa = PBXFileReference; lastKnownFileType = file.storyboard; name = Base; path = Base.lproj/LaunchScreen.storyboard; sourceTree = "<group>"; };
		3164D48C2AE21F820054F440 /* Info.plist */ = {isa = PBXFileReference; lastKnownFileType = text.plist.xml; path = Info.plist; sourceTree = "<group>"; };
		3164D4912AE21F820054F440 /* KerdyTests.xctest */ = {isa = PBXFileReference; explicitFileType = wrapper.cfbundle; includeInIndex = 0; path = KerdyTests.xctest; sourceTree = BUILT_PRODUCTS_DIR; };
		3164D4952AE21F820054F440 /* KerdyTests.swift */ = {isa = PBXFileReference; lastKnownFileType = sourcecode.swift; path = KerdyTests.swift; sourceTree = "<group>"; };
		3164D49B2AE21F820054F440 /* KerdyUITests.xctest */ = {isa = PBXFileReference; explicitFileType = wrapper.cfbundle; includeInIndex = 0; path = KerdyUITests.xctest; sourceTree = BUILT_PRODUCTS_DIR; };
		3164D49F2AE21F820054F440 /* KerdyUITests.swift */ = {isa = PBXFileReference; lastKnownFileType = sourcecode.swift; path = KerdyUITests.swift; sourceTree = "<group>"; };
		3164D4A12AE21F820054F440 /* KerdyUITestsLaunchTests.swift */ = {isa = PBXFileReference; lastKnownFileType = sourcecode.swift; path = KerdyUITestsLaunchTests.swift; sourceTree = "<group>"; };
		3164D4AE2AE21FA80054F440 /* Kerdy.entitlements */ = {isa = PBXFileReference; lastKnownFileType = text.plist.entitlements; path = Kerdy.entitlements; sourceTree = "<group>"; };
		5B216AF92AF671CF00C028A0 /* FourthInitialSettingVC.swift */ = {isa = PBXFileReference; lastKnownFileType = sourcecode.swift; path = FourthInitialSettingVC.swift; sourceTree = "<group>"; };
		5B370F3B2AF53E1300D0D3DE /* FirstInitialSettingVC.swift */ = {isa = PBXFileReference; lastKnownFileType = sourcecode.swift; path = FirstInitialSettingVC.swift; sourceTree = "<group>"; };
		5B370F3F2AF53F1E00D0D3DE /* SecondInitialSettingVC.swift */ = {isa = PBXFileReference; lastKnownFileType = sourcecode.swift; path = SecondInitialSettingVC.swift; sourceTree = "<group>"; };
		5B370F412AF546CE00D0D3DE /* ThirdInitialSettingVC.swift */ = {isa = PBXFileReference; lastKnownFileType = sourcecode.swift; path = ThirdInitialSettingVC.swift; sourceTree = "<group>"; };
		5BF17B392AF7D17600A03CEA /* CategoryViewModel.swift */ = {isa = PBXFileReference; lastKnownFileType = sourcecode.swift; path = CategoryViewModel.swift; sourceTree = "<group>"; };
/* End PBXFileReference section */

/* Begin PBXFrameworksBuildPhase section */
		3164D4782AE21F810054F440 /* Frameworks */ = {
			isa = PBXFrameworksBuildPhase;
			buildActionMask = 2147483647;
			files = (
				3162F0752AEA775E001B1D32 /* RxSwift in Frameworks */,
				3164D4B72AE223400054F440 /* SnapKit in Frameworks */,
				311620632AE252E600E26420 /* Core in Frameworks */,
				3162F0732AEA775E001B1D32 /* RxCocoa in Frameworks */,
				3164D4B32AE223180054F440 /* RxMoya in Frameworks */,
				3164D4B12AE223180054F440 /* Moya in Frameworks */,
			);
			runOnlyForDeploymentPostprocessing = 0;
		};
		3164D48E2AE21F820054F440 /* Frameworks */ = {
			isa = PBXFrameworksBuildPhase;
			buildActionMask = 2147483647;
			files = (
			);
			runOnlyForDeploymentPostprocessing = 0;
		};
		3164D4982AE21F820054F440 /* Frameworks */ = {
			isa = PBXFrameworksBuildPhase;
			buildActionMask = 2147483647;
			files = (
			);
			runOnlyForDeploymentPostprocessing = 0;
		};
/* End PBXFrameworksBuildPhase section */

/* Begin PBXGroup section */
		090978E62AF0E689006BD8DE /* TabBar */ = {
			isa = PBXGroup;
			children = (
				090978E72AF0E6C0006BD8DE /* TabBarVC.swift */,
				090978F22AF0E809006BD8DE /* TabBarItemType.swift */,
			);
			path = TabBar;
			sourceTree = "<group>";
		};
		090978EA2AF0E77B006BD8DE /* MyCard */ = {
			isa = PBXGroup;
			children = (
				090978EC2AF0E7A3006BD8DE /* MyCardVC.swift */,
			);
			path = MyCard;
			sourceTree = "<group>";
		};
		090978EB2AF0E77F006BD8DE /* Chat */ = {
			isa = PBXGroup;
			children = (
				090978F02AF0E7B5006BD8DE /* ChatVC.swift */,
			);
			path = Chat;
			sourceTree = "<group>";
		};
		090978F42AF27263006BD8DE /* VC */ = {
			isa = PBXGroup;
			children = (
				09BB55182AF0158C00A54B1B /* SettingVC.swift */,
			);
			path = VC;
			sourceTree = "<group>";
		};
		090978F52AF2726F006BD8DE /* Cell */ = {
			isa = PBXGroup;
			children = (
				09BB551D2AF0169700A54B1B /* SettingBasicCell.swift */,
				09BB551F2AF016B200A54B1B /* SettingProfileCell.swift */,
			);
			path = Cell;
			sourceTree = "<group>";
		};
		090978F62AF2727A006BD8DE /* Model */ = {
			isa = PBXGroup;
			children = (
				09BB55292AF0545400A54B1B /* SettingBasicModel.swift */,
				09BB55272AF0543100A54B1B /* ProfileResponseDTO.swift */,
			);
			path = Model;
			sourceTree = "<group>";
		};
		090978F72AF27288006BD8DE /* ViewModel */ = {
			isa = PBXGroup;
			children = (
				09BB55232AF02AB600A54B1B /* SettingDataSource.swift */,
			);
			path = ViewModel;
			sourceTree = "<group>";
		};
		090978F82AF27298006BD8DE /* Notification */ = {
			isa = PBXGroup;
			children = (
				090979062AF33D19006BD8DE /* VC */,
			);
			path = Notification;
			sourceTree = "<group>";
		};
		090979052AF33CCC006BD8DE /* NotificationTag */ = {
			isa = PBXGroup;
			children = (
				0909790B2AF33D50006BD8DE /* Cell */,
				090979092AF33D44006BD8DE /* ViewModel */,
				090979082AF33D40006BD8DE /* VC */,
				090979012AF29086006BD8DE /* TagCollectionViewFlowLayout.swift */,
			);
			path = NotificationTag;
			sourceTree = "<group>";
		};
		090979062AF33D19006BD8DE /* VC */ = {
			isa = PBXGroup;
			children = (
				090978F92AF272D2006BD8DE /* NotificationVC.swift */,
			);
			path = VC;
			sourceTree = "<group>";
		};
		090979072AF33D31006BD8DE /* Common */ = {
			isa = PBXGroup;
			children = (
				090978FF2AF287E0006BD8DE /* NavigationBarView.swift */,
				090978FB2AF27364006BD8DE /* ModalTopView.swift */,
			);
			path = Common;
			sourceTree = "<group>";
		};
		090979082AF33D40006BD8DE /* VC */ = {
			isa = PBXGroup;
			children = (
				090978FD2AF28778006BD8DE /* TagVC.swift */,
			);
			path = VC;
			sourceTree = "<group>";
		};
		090979092AF33D44006BD8DE /* ViewModel */ = {
			isa = PBXGroup;
			children = (
				0909790C2AF33D95006BD8DE /* TagModel.swift */,
			);
			path = ViewModel;
			sourceTree = "<group>";
		};
		0909790B2AF33D50006BD8DE /* Cell */ = {
			isa = PBXGroup;
			children = (
				090979032AF29121006BD8DE /* TagCell.swift */,
			);
			path = Cell;
			sourceTree = "<group>";
		};
		095D39062AEE7B3C0083CC65 /* Application */ = {
			isa = PBXGroup;
			children = (
				3164D47E2AE21F810054F440 /* AppDelegate.swift */,
				3164D4802AE21F810054F440 /* SceneDelegate.swift */,
			);
			path = Application;
			sourceTree = "<group>";
		};
		095D39072AEE7B510083CC65 /* Resource */ = {
			isa = PBXGroup;
			children = (
				095D390A2AEE7B8F0083CC65 /* Fonts */,
				095D39082AEE7B7C0083CC65 /* Assets */,
				095D39092AEE7B850083CC65 /* Colors */,
				3164D4892AE21F820054F440 /* LaunchScreen.storyboard */,
				3164D48C2AE21F820054F440 /* Info.plist */,
			);
			path = Resource;
			sourceTree = "<group>";
		};
		095D39082AEE7B7C0083CC65 /* Assets */ = {
			isa = PBXGroup;
			children = (
				3164D4872AE21F820054F440 /* Assets.xcassets */,
			);
			path = Assets;
			sourceTree = "<group>";
		};
		095D39092AEE7B850083CC65 /* Colors */ = {
			isa = PBXGroup;
			children = (
				095D39022AEE79970083CC65 /* Colors.xcassets */,
			);
			path = Colors;
			sourceTree = "<group>";
		};
		095D390A2AEE7B8F0083CC65 /* Fonts */ = {
			isa = PBXGroup;
			children = (
				095D390B2AEE7BC50083CC65 /* NanumSquareB.ttf */,
				095D390D2AEE7BE00083CC65 /* NanumSquareEB.ttf */,
				095D390F2AEE7BE60083CC65 /* NanumSquareR.ttf */,
			);
			path = Fonts;
			sourceTree = "<group>";
		};
		098294162AF341090011773A /* BlockList */ = {
			isa = PBXGroup;
			children = (
				098294172AF341290011773A /* BlockListVC.swift */,
				098294192AF342090011773A /* BlockListCell.swift */,
				0982941D2AF35E660011773A /* BlockListModel.swift */,
			);
			path = BlockList;
			sourceTree = "<group>";
		};
		0982941F2AF3C1C90011773A /* TermsOfUse */ = {
			isa = PBXGroup;
			children = (
				098294202AF3C1E50011773A /* TermsOfUseVC.swift */,
			);
			path = TermsOfUse;
			sourceTree = "<group>";
		};
		09BB551A2AF015D100A54B1B /* Setting */ = {
			isa = PBXGroup;
			children = (
				090978F42AF27263006BD8DE /* VC */,
				090978F62AF2727A006BD8DE /* Model */,
				090978F72AF27288006BD8DE /* ViewModel */,
				090978F52AF2726F006BD8DE /* Cell */,
				09BB55252AF0430200A54B1B /* StringLiterals.swift */,
				098294222AF3C6180011773A /* ExternalURL.swift */,
			);
			path = Setting;
			sourceTree = "<group>";
		};
		31571C142AF3CB9F0037A2F2 /* Event */ = {
			isa = PBXGroup;
			children = (
				31571C162AF3CBB20037A2F2 /* Model */,
				31571C152AF3CBAD0037A2F2 /* View */,
			);
			path = Event;
			sourceTree = "<group>";
		};
		31571C152AF3CBAD0037A2F2 /* View */ = {
			isa = PBXGroup;
			children = (
				31571C1D2AF3CBC00037A2F2 /* EventVC.swift */,
				31571C192AF3CBC00037A2F2 /* CategoryView.swift */,
				31571C1C2AF3CBC00037A2F2 /* EventCollectionViewCell.swift */,
				31571C172AF3CBC00037A2F2 /* EventTableViewCell.swift */,
				31571C182AF3CBC00037A2F2 /* FilterSettingBtn.swift */,
				31571C1A2AF3CBC00037A2F2 /* ItemCountView.swift */,
				31571C1B2AF3CBC00037A2F2 /* TagView.swift */,
			);
			path = View;
			sourceTree = "<group>";
		};
		31571C162AF3CBB20037A2F2 /* Model */ = {
			isa = PBXGroup;
			children = (
				31571C252AF3CBC80037A2F2 /* Event.swift */,
			);
			path = Model;
			sourceTree = "<group>";
		};
		3164D4722AE21F810054F440 = {
			isa = PBXGroup;
			children = (
				31571C282AF3E1540037A2F2 /* .swiftlint.yml */,
				3164D47D2AE21F810054F440 /* Kerdy */,
				3164D4942AE21F820054F440 /* KerdyTests */,
				3164D49E2AE21F820054F440 /* KerdyUITests */,
				3164D47C2AE21F810054F440 /* Products */,
				3164D4B52AE223400054F440 /* Frameworks */,
			);
			sourceTree = "<group>";
		};
		3164D47C2AE21F810054F440 /* Products */ = {
			isa = PBXGroup;
			children = (
				3164D47B2AE21F810054F440 /* Kerdy.app */,
				3164D4912AE21F820054F440 /* KerdyTests.xctest */,
				3164D49B2AE21F820054F440 /* KerdyUITests.xctest */,
			);
			name = Products;
			sourceTree = "<group>";
		};
		3164D47D2AE21F810054F440 /* Kerdy */ = {
			isa = PBXGroup;
			children = (
				3164D4AE2AE21FA80054F440 /* Kerdy.entitlements */,
				3164D4822AE21F810054F440 /* ViewController.swift */,
				095D39062AEE7B3C0083CC65 /* Application */,
				5B370F3A2AF53DD800D0D3DE /* InitialSetting */,
				31571C142AF3CB9F0037A2F2 /* Event */,
				090978EA2AF0E77B006BD8DE /* MyCard */,
				090978EB2AF0E77F006BD8DE /* Chat */,
				09BB551A2AF015D100A54B1B /* Setting */,
				090978F82AF27298006BD8DE /* Notification */,
				090979052AF33CCC006BD8DE /* NotificationTag */,
				098294162AF341090011773A /* BlockList */,
				0982941F2AF3C1C90011773A /* TermsOfUse */,
				090979072AF33D31006BD8DE /* Common */,
				090978E62AF0E689006BD8DE /* TabBar */,
				095D39072AEE7B510083CC65 /* Resource */,
			);
			path = Kerdy;
			sourceTree = "<group>";
		};
		3164D4942AE21F820054F440 /* KerdyTests */ = {
			isa = PBXGroup;
			children = (
				3164D4952AE21F820054F440 /* KerdyTests.swift */,
			);
			path = KerdyTests;
			sourceTree = "<group>";
		};
		3164D49E2AE21F820054F440 /* KerdyUITests */ = {
			isa = PBXGroup;
			children = (
				3164D49F2AE21F820054F440 /* KerdyUITests.swift */,
				3164D4A12AE21F820054F440 /* KerdyUITestsLaunchTests.swift */,
			);
			path = KerdyUITests;
			sourceTree = "<group>";
		};
		3164D4B52AE223400054F440 /* Frameworks */ = {
			isa = PBXGroup;
			children = (
				311620612AE252E200E26420 /* Core */,
			);
			name = Frameworks;
			sourceTree = "<group>";
		};
		5B370F3A2AF53DD800D0D3DE /* InitialSetting */ = {
			isa = PBXGroup;
			children = (
				5BF17AF82AF7C8CC00A03CEA /* ViewModel */,
				5BF17AF42AF7C41800A03CEA /* VC */,
			);
			path = InitialSetting;
			sourceTree = "<group>";
		};
		5BF17AF42AF7C41800A03CEA /* VC */ = {
			isa = PBXGroup;
			children = (
				5B370F3B2AF53E1300D0D3DE /* FirstInitialSettingVC.swift */,
				5B370F3F2AF53F1E00D0D3DE /* SecondInitialSettingVC.swift */,
				5B370F412AF546CE00D0D3DE /* ThirdInitialSettingVC.swift */,
				5B216AF92AF671CF00C028A0 /* FourthInitialSettingVC.swift */,
			);
			path = VC;
			sourceTree = "<group>";
		};
		5BF17AF82AF7C8CC00A03CEA /* ViewModel */ = {
			isa = PBXGroup;
			children = (
				5BF17B392AF7D17600A03CEA /* CategoryViewModel.swift */,
			);
			path = ViewModel;
			sourceTree = "<group>";
		};
/* End PBXGroup section */

/* Begin PBXNativeTarget section */
		3164D47A2AE21F810054F440 /* Kerdy */ = {
			isa = PBXNativeTarget;
			buildConfigurationList = 3164D4A52AE21F820054F440 /* Build configuration list for PBXNativeTarget "Kerdy" */;
			buildPhases = (
				31571C272AF3E0470037A2F2 /* SwiftLint Script */,
				3164D4772AE21F810054F440 /* Sources */,
				3164D4782AE21F810054F440 /* Frameworks */,
				3164D4792AE21F810054F440 /* Resources */,
			);
			buildRules = (
			);
			dependencies = (
			);
			name = Kerdy;
			packageProductDependencies = (
				3164D4B02AE223180054F440 /* Moya */,
				3164D4B22AE223180054F440 /* RxMoya */,
				3164D4B62AE223400054F440 /* SnapKit */,
				311620622AE252E600E26420 /* Core */,
				3162F0722AEA775E001B1D32 /* RxCocoa */,
				3162F0742AEA775E001B1D32 /* RxSwift */,
			);
			productName = Kerdy;
			productReference = 3164D47B2AE21F810054F440 /* Kerdy.app */;
			productType = "com.apple.product-type.application";
		};
		3164D4902AE21F820054F440 /* KerdyTests */ = {
			isa = PBXNativeTarget;
			buildConfigurationList = 3164D4A82AE21F820054F440 /* Build configuration list for PBXNativeTarget "KerdyTests" */;
			buildPhases = (
				3164D48D2AE21F820054F440 /* Sources */,
				3164D48E2AE21F820054F440 /* Frameworks */,
				3164D48F2AE21F820054F440 /* Resources */,
			);
			buildRules = (
			);
			dependencies = (
				3164D4932AE21F820054F440 /* PBXTargetDependency */,
			);
			name = KerdyTests;
			productName = KerdyTests;
			productReference = 3164D4912AE21F820054F440 /* KerdyTests.xctest */;
			productType = "com.apple.product-type.bundle.unit-test";
		};
		3164D49A2AE21F820054F440 /* KerdyUITests */ = {
			isa = PBXNativeTarget;
			buildConfigurationList = 3164D4AB2AE21F820054F440 /* Build configuration list for PBXNativeTarget "KerdyUITests" */;
			buildPhases = (
				3164D4972AE21F820054F440 /* Sources */,
				3164D4982AE21F820054F440 /* Frameworks */,
				3164D4992AE21F820054F440 /* Resources */,
			);
			buildRules = (
			);
			dependencies = (
				3164D49D2AE21F820054F440 /* PBXTargetDependency */,
			);
			name = KerdyUITests;
			productName = KerdyUITests;
			productReference = 3164D49B2AE21F820054F440 /* KerdyUITests.xctest */;
			productType = "com.apple.product-type.bundle.ui-testing";
		};
/* End PBXNativeTarget section */

/* Begin PBXProject section */
		3164D4732AE21F810054F440 /* Project object */ = {
			isa = PBXProject;
			attributes = {
				BuildIndependentTargetsInParallel = 1;
				LastSwiftUpdateCheck = 1500;
				LastUpgradeCheck = 1500;
				TargetAttributes = {
					3164D47A2AE21F810054F440 = {
						CreatedOnToolsVersion = 15.0;
					};
					3164D4902AE21F820054F440 = {
						CreatedOnToolsVersion = 15.0;
						TestTargetID = 3164D47A2AE21F810054F440;
					};
					3164D49A2AE21F820054F440 = {
						CreatedOnToolsVersion = 15.0;
						TestTargetID = 3164D47A2AE21F810054F440;
					};
				};
			};
			buildConfigurationList = 3164D4762AE21F810054F440 /* Build configuration list for PBXProject "Kerdy" */;
			compatibilityVersion = "Xcode 14.0";
			developmentRegion = en;
			hasScannedForEncodings = 0;
			knownRegions = (
				en,
				Base,
			);
			mainGroup = 3164D4722AE21F810054F440;
			packageReferences = (
				3164D4AF2AE223180054F440 /* XCRemoteSwiftPackageReference "Moya" */,
				3164D4B42AE223380054F440 /* XCRemoteSwiftPackageReference "SnapKit" */,
				31C050092AE22AD4000F8957 /* XCLocalSwiftPackageReference "../Core" */,
				3162F0712AEA775E001B1D32 /* XCRemoteSwiftPackageReference "RxSwift" */,
			);
			productRefGroup = 3164D47C2AE21F810054F440 /* Products */;
			projectDirPath = "";
			projectRoot = "";
			targets = (
				3164D47A2AE21F810054F440 /* Kerdy */,
				3164D4902AE21F820054F440 /* KerdyTests */,
				3164D49A2AE21F820054F440 /* KerdyUITests */,
			);
		};
/* End PBXProject section */

/* Begin PBXResourcesBuildPhase section */
		3164D4792AE21F810054F440 /* Resources */ = {
			isa = PBXResourcesBuildPhase;
			buildActionMask = 2147483647;
			files = (
				095D39032AEE79970083CC65 /* Colors.xcassets in Resources */,
				3164D48B2AE21F820054F440 /* LaunchScreen.storyboard in Resources */,
				095D390C2AEE7BC50083CC65 /* NanumSquareB.ttf in Resources */,
				31571C292AF3E1540037A2F2 /* .swiftlint.yml in Resources */,
				095D390E2AEE7BE00083CC65 /* NanumSquareEB.ttf in Resources */,
				095D39102AEE7BE60083CC65 /* NanumSquareR.ttf in Resources */,
				3164D4882AE21F820054F440 /* Assets.xcassets in Resources */,
			);
			runOnlyForDeploymentPostprocessing = 0;
		};
		3164D48F2AE21F820054F440 /* Resources */ = {
			isa = PBXResourcesBuildPhase;
			buildActionMask = 2147483647;
			files = (
			);
			runOnlyForDeploymentPostprocessing = 0;
		};
		3164D4992AE21F820054F440 /* Resources */ = {
			isa = PBXResourcesBuildPhase;
			buildActionMask = 2147483647;
			files = (
			);
			runOnlyForDeploymentPostprocessing = 0;
		};
/* End PBXResourcesBuildPhase section */

/* Begin PBXShellScriptBuildPhase section */
		31571C272AF3E0470037A2F2 /* SwiftLint Script */ = {
			isa = PBXShellScriptBuildPhase;
			buildActionMask = 2147483647;
			files = (
			);
			inputFileListPaths = (
			);
			inputPaths = (
			);
			name = "SwiftLint Script";
			outputFileListPaths = (
			);
			outputPaths = (
			);
			runOnlyForDeploymentPostprocessing = 0;
			shellPath = /bin/sh;
			shellScript = "export PATH=\"$PATH:/opt/homebrew/bin\"\nif which swiftlint > /dev/null; then\n  swiftlint\nelse\n  echo \"warning: SwiftLint not installed, download from https://github.com/realm/SwiftLint\"\nfi\n";
		};
/* End PBXShellScriptBuildPhase section */

/* Begin PBXSourcesBuildPhase section */
		3164D4772AE21F810054F440 /* Sources */ = {
			isa = PBXSourcesBuildPhase;
			buildActionMask = 2147483647;
			files = (
				3164D4832AE21F810054F440 /* ViewController.swift in Sources */,
				098294212AF3C1E50011773A /* TermsOfUseVC.swift in Sources */,
				09BB551E2AF0169700A54B1B /* SettingBasicCell.swift in Sources */,
				5B370F402AF53F1E00D0D3DE /* SecondInitialSettingVC.swift in Sources */,
				5B370F422AF546CE00D0D3DE /* ThirdInitialSettingVC.swift in Sources */,
				31571C242AF3CBC00037A2F2 /* EventVC.swift in Sources */,
				5B216AFA2AF671CF00C028A0 /* FourthInitialSettingVC.swift in Sources */,
				090978E82AF0E6C0006BD8DE /* TabBarVC.swift in Sources */,
				5BF17B3A2AF7D17600A03CEA /* CategoryViewModel.swift in Sources */,
				31571C1E2AF3CBC00037A2F2 /* EventTableViewCell.swift in Sources */,
				09BB55262AF0430200A54B1B /* StringLiterals.swift in Sources */,
				09BB55202AF016B200A54B1B /* SettingProfileCell.swift in Sources */,
				098294182AF341290011773A /* BlockListVC.swift in Sources */,
				09BB55192AF0158C00A54B1B /* SettingVC.swift in Sources */,
				090978FC2AF27364006BD8DE /* ModalTopView.swift in Sources */,
				090978F32AF0E809006BD8DE /* TabBarItemType.swift in Sources */,
				090978ED2AF0E7A3006BD8DE /* MyCardVC.swift in Sources */,
				09BB55242AF02AB600A54B1B /* SettingDataSource.swift in Sources */,
				5B370F3C2AF53E1300D0D3DE /* FirstInitialSettingVC.swift in Sources */,
				098294232AF3C6180011773A /* ExternalURL.swift in Sources */,
				31571C202AF3CBC00037A2F2 /* CategoryView.swift in Sources */,
				090978F12AF0E7B5006BD8DE /* ChatVC.swift in Sources */,
				31571C232AF3CBC00037A2F2 /* EventCollectionViewCell.swift in Sources */,
				090979022AF29086006BD8DE /* TagCollectionViewFlowLayout.swift in Sources */,
				31571C262AF3CBC80037A2F2 /* Event.swift in Sources */,
				0909790D2AF33D95006BD8DE /* TagModel.swift in Sources */,
				090978FE2AF28778006BD8DE /* TagVC.swift in Sources */,
				3164D47F2AE21F810054F440 /* AppDelegate.swift in Sources */,
				090979042AF29121006BD8DE /* TagCell.swift in Sources */,
				090979002AF287E0006BD8DE /* NavigationBarView.swift in Sources */,
				3164D4812AE21F810054F440 /* SceneDelegate.swift in Sources */,
				09BB55282AF0543100A54B1B /* ProfileResponseDTO.swift in Sources */,
				0982941A2AF342090011773A /* BlockListCell.swift in Sources */,
				09BB552A2AF0545400A54B1B /* SettingBasicModel.swift in Sources */,
				31571C1F2AF3CBC00037A2F2 /* FilterSettingBtn.swift in Sources */,
				0982941E2AF35E660011773A /* BlockListModel.swift in Sources */,
				090978FA2AF272D2006BD8DE /* NotificationVC.swift in Sources */,
				31571C212AF3CBC00037A2F2 /* ItemCountView.swift in Sources */,
				31571C222AF3CBC00037A2F2 /* TagView.swift in Sources */,
			);
			runOnlyForDeploymentPostprocessing = 0;
		};
		3164D48D2AE21F820054F440 /* Sources */ = {
			isa = PBXSourcesBuildPhase;
			buildActionMask = 2147483647;
			files = (
				3164D4962AE21F820054F440 /* KerdyTests.swift in Sources */,
			);
			runOnlyForDeploymentPostprocessing = 0;
		};
		3164D4972AE21F820054F440 /* Sources */ = {
			isa = PBXSourcesBuildPhase;
			buildActionMask = 2147483647;
			files = (
				3164D4A22AE21F820054F440 /* KerdyUITestsLaunchTests.swift in Sources */,
				3164D4A02AE21F820054F440 /* KerdyUITests.swift in Sources */,
			);
			runOnlyForDeploymentPostprocessing = 0;
		};
/* End PBXSourcesBuildPhase section */

/* Begin PBXTargetDependency section */
		3164D4932AE21F820054F440 /* PBXTargetDependency */ = {
			isa = PBXTargetDependency;
			target = 3164D47A2AE21F810054F440 /* Kerdy */;
			targetProxy = 3164D4922AE21F820054F440 /* PBXContainerItemProxy */;
		};
		3164D49D2AE21F820054F440 /* PBXTargetDependency */ = {
			isa = PBXTargetDependency;
			target = 3164D47A2AE21F810054F440 /* Kerdy */;
			targetProxy = 3164D49C2AE21F820054F440 /* PBXContainerItemProxy */;
		};
/* End PBXTargetDependency section */

/* Begin PBXVariantGroup section */
		3164D4892AE21F820054F440 /* LaunchScreen.storyboard */ = {
			isa = PBXVariantGroup;
			children = (
				3164D48A2AE21F820054F440 /* Base */,
			);
			name = LaunchScreen.storyboard;
			sourceTree = "<group>";
		};
/* End PBXVariantGroup section */

/* Begin XCBuildConfiguration section */
		3164D4A32AE21F820054F440 /* Debug */ = {
			isa = XCBuildConfiguration;
			buildSettings = {
				ALWAYS_SEARCH_USER_PATHS = NO;
				ASSETCATALOG_COMPILER_GENERATE_SWIFT_ASSET_SYMBOL_EXTENSIONS = YES;
				CLANG_ANALYZER_NONNULL = YES;
				CLANG_ANALYZER_NUMBER_OBJECT_CONVERSION = YES_AGGRESSIVE;
				CLANG_CXX_LANGUAGE_STANDARD = "gnu++20";
				CLANG_ENABLE_MODULES = YES;
				CLANG_ENABLE_OBJC_ARC = YES;
				CLANG_ENABLE_OBJC_WEAK = YES;
				CLANG_WARN_BLOCK_CAPTURE_AUTORELEASING = YES;
				CLANG_WARN_BOOL_CONVERSION = YES;
				CLANG_WARN_COMMA = YES;
				CLANG_WARN_CONSTANT_CONVERSION = YES;
				CLANG_WARN_DEPRECATED_OBJC_IMPLEMENTATIONS = YES;
				CLANG_WARN_DIRECT_OBJC_ISA_USAGE = YES_ERROR;
				CLANG_WARN_DOCUMENTATION_COMMENTS = YES;
				CLANG_WARN_EMPTY_BODY = YES;
				CLANG_WARN_ENUM_CONVERSION = YES;
				CLANG_WARN_INFINITE_RECURSION = YES;
				CLANG_WARN_INT_CONVERSION = YES;
				CLANG_WARN_NON_LITERAL_NULL_CONVERSION = YES;
				CLANG_WARN_OBJC_IMPLICIT_RETAIN_SELF = YES;
				CLANG_WARN_OBJC_LITERAL_CONVERSION = YES;
				CLANG_WARN_OBJC_ROOT_CLASS = YES_ERROR;
				CLANG_WARN_QUOTED_INCLUDE_IN_FRAMEWORK_HEADER = YES;
				CLANG_WARN_RANGE_LOOP_ANALYSIS = YES;
				CLANG_WARN_STRICT_PROTOTYPES = YES;
				CLANG_WARN_SUSPICIOUS_MOVE = YES;
				CLANG_WARN_UNGUARDED_AVAILABILITY = YES_AGGRESSIVE;
				CLANG_WARN_UNREACHABLE_CODE = YES;
				CLANG_WARN__DUPLICATE_METHOD_MATCH = YES;
				COPY_PHASE_STRIP = NO;
				DEBUG_INFORMATION_FORMAT = dwarf;
				ENABLE_STRICT_OBJC_MSGSEND = YES;
				ENABLE_TESTABILITY = YES;
				ENABLE_USER_SCRIPT_SANDBOXING = YES;
				GCC_C_LANGUAGE_STANDARD = gnu17;
				GCC_DYNAMIC_NO_PIC = NO;
				GCC_NO_COMMON_BLOCKS = YES;
				GCC_OPTIMIZATION_LEVEL = 0;
				GCC_PREPROCESSOR_DEFINITIONS = (
					"DEBUG=1",
					"$(inherited)",
				);
				GCC_WARN_64_TO_32_BIT_CONVERSION = YES;
				GCC_WARN_ABOUT_RETURN_TYPE = YES_ERROR;
				GCC_WARN_UNDECLARED_SELECTOR = YES;
				GCC_WARN_UNINITIALIZED_AUTOS = YES_AGGRESSIVE;
				GCC_WARN_UNUSED_FUNCTION = YES;
				GCC_WARN_UNUSED_VARIABLE = YES;
				IPHONEOS_DEPLOYMENT_TARGET = 17.0;
				LOCALIZATION_PREFERS_STRING_CATALOGS = YES;
				MTL_ENABLE_DEBUG_INFO = INCLUDE_SOURCE;
				MTL_FAST_MATH = YES;
				ONLY_ACTIVE_ARCH = YES;
				SDKROOT = iphoneos;
				SWIFT_ACTIVE_COMPILATION_CONDITIONS = "DEBUG $(inherited)";
				SWIFT_OPTIMIZATION_LEVEL = "-Onone";
			};
			name = Debug;
		};
		3164D4A42AE21F820054F440 /* Release */ = {
			isa = XCBuildConfiguration;
			buildSettings = {
				ALWAYS_SEARCH_USER_PATHS = NO;
				ASSETCATALOG_COMPILER_GENERATE_SWIFT_ASSET_SYMBOL_EXTENSIONS = YES;
				CLANG_ANALYZER_NONNULL = YES;
				CLANG_ANALYZER_NUMBER_OBJECT_CONVERSION = YES_AGGRESSIVE;
				CLANG_CXX_LANGUAGE_STANDARD = "gnu++20";
				CLANG_ENABLE_MODULES = YES;
				CLANG_ENABLE_OBJC_ARC = YES;
				CLANG_ENABLE_OBJC_WEAK = YES;
				CLANG_WARN_BLOCK_CAPTURE_AUTORELEASING = YES;
				CLANG_WARN_BOOL_CONVERSION = YES;
				CLANG_WARN_COMMA = YES;
				CLANG_WARN_CONSTANT_CONVERSION = YES;
				CLANG_WARN_DEPRECATED_OBJC_IMPLEMENTATIONS = YES;
				CLANG_WARN_DIRECT_OBJC_ISA_USAGE = YES_ERROR;
				CLANG_WARN_DOCUMENTATION_COMMENTS = YES;
				CLANG_WARN_EMPTY_BODY = YES;
				CLANG_WARN_ENUM_CONVERSION = YES;
				CLANG_WARN_INFINITE_RECURSION = YES;
				CLANG_WARN_INT_CONVERSION = YES;
				CLANG_WARN_NON_LITERAL_NULL_CONVERSION = YES;
				CLANG_WARN_OBJC_IMPLICIT_RETAIN_SELF = YES;
				CLANG_WARN_OBJC_LITERAL_CONVERSION = YES;
				CLANG_WARN_OBJC_ROOT_CLASS = YES_ERROR;
				CLANG_WARN_QUOTED_INCLUDE_IN_FRAMEWORK_HEADER = YES;
				CLANG_WARN_RANGE_LOOP_ANALYSIS = YES;
				CLANG_WARN_STRICT_PROTOTYPES = YES;
				CLANG_WARN_SUSPICIOUS_MOVE = YES;
				CLANG_WARN_UNGUARDED_AVAILABILITY = YES_AGGRESSIVE;
				CLANG_WARN_UNREACHABLE_CODE = YES;
				CLANG_WARN__DUPLICATE_METHOD_MATCH = YES;
				COPY_PHASE_STRIP = NO;
				DEBUG_INFORMATION_FORMAT = "dwarf-with-dsym";
				ENABLE_NS_ASSERTIONS = NO;
				ENABLE_STRICT_OBJC_MSGSEND = YES;
				ENABLE_USER_SCRIPT_SANDBOXING = YES;
				GCC_C_LANGUAGE_STANDARD = gnu17;
				GCC_NO_COMMON_BLOCKS = YES;
				GCC_WARN_64_TO_32_BIT_CONVERSION = YES;
				GCC_WARN_ABOUT_RETURN_TYPE = YES_ERROR;
				GCC_WARN_UNDECLARED_SELECTOR = YES;
				GCC_WARN_UNINITIALIZED_AUTOS = YES_AGGRESSIVE;
				GCC_WARN_UNUSED_FUNCTION = YES;
				GCC_WARN_UNUSED_VARIABLE = YES;
				IPHONEOS_DEPLOYMENT_TARGET = 17.0;
				LOCALIZATION_PREFERS_STRING_CATALOGS = YES;
				MTL_ENABLE_DEBUG_INFO = NO;
				MTL_FAST_MATH = YES;
				SDKROOT = iphoneos;
				SWIFT_COMPILATION_MODE = wholemodule;
				VALIDATE_PRODUCT = YES;
			};
			name = Release;
		};
		3164D4A62AE21F820054F440 /* Debug */ = {
			isa = XCBuildConfiguration;
			buildSettings = {
				ASSETCATALOG_COMPILER_APPICON_NAME = AppIcon;
				ASSETCATALOG_COMPILER_GLOBAL_ACCENT_COLOR_NAME = AccentColor;
				CODE_SIGN_ENTITLEMENTS = Kerdy/Kerdy.entitlements;
				CODE_SIGN_STYLE = Manual;
				CURRENT_PROJECT_VERSION = 1;
				DEVELOPMENT_TEAM = "";
				ENABLE_USER_SCRIPT_SANDBOXING = NO;
				GENERATE_INFOPLIST_FILE = YES;
				INFOPLIST_FILE = Kerdy/Resource/Info.plist;
				INFOPLIST_KEY_UIApplicationSupportsIndirectInputEvents = YES;
				INFOPLIST_KEY_UILaunchStoryboardName = LaunchScreen;
				INFOPLIST_KEY_UIMainStoryboardFile = "";
				INFOPLIST_KEY_UISupportedInterfaceOrientations_iPad = "UIInterfaceOrientationPortrait UIInterfaceOrientationPortraitUpsideDown UIInterfaceOrientationLandscapeLeft UIInterfaceOrientationLandscapeRight";
				INFOPLIST_KEY_UISupportedInterfaceOrientations_iPhone = "UIInterfaceOrientationPortrait UIInterfaceOrientationLandscapeLeft UIInterfaceOrientationLandscapeRight";
				IPHONEOS_DEPLOYMENT_TARGET = 15.0;
				LD_RUNPATH_SEARCH_PATHS = (
					"$(inherited)",
					"@executable_path/Frameworks",
				);
				MARKETING_VERSION = 1.0;
				PRODUCT_BUNDLE_IDENTIFIER = com.kerdy.Kerdy;
				PRODUCT_NAME = "$(TARGET_NAME)";
				PROVISIONING_PROFILE_SPECIFIER = "";
				SWIFT_EMIT_LOC_STRINGS = YES;
				SWIFT_VERSION = 5.0;
				TARGETED_DEVICE_FAMILY = "1,2";
			};
			name = Debug;
		};
		3164D4A72AE21F820054F440 /* Release */ = {
			isa = XCBuildConfiguration;
			buildSettings = {
				ASSETCATALOG_COMPILER_APPICON_NAME = AppIcon;
				ASSETCATALOG_COMPILER_GLOBAL_ACCENT_COLOR_NAME = AccentColor;
				CODE_SIGN_ENTITLEMENTS = Kerdy/Kerdy.entitlements;
				CODE_SIGN_STYLE = Manual;
				CURRENT_PROJECT_VERSION = 1;
				DEVELOPMENT_TEAM = "";
				ENABLE_USER_SCRIPT_SANDBOXING = NO;
				GENERATE_INFOPLIST_FILE = YES;
				INFOPLIST_FILE = Kerdy/Resource/Info.plist;
				INFOPLIST_KEY_UIApplicationSupportsIndirectInputEvents = YES;
				INFOPLIST_KEY_UILaunchStoryboardName = LaunchScreen;
				INFOPLIST_KEY_UIMainStoryboardFile = "";
				INFOPLIST_KEY_UISupportedInterfaceOrientations_iPad = "UIInterfaceOrientationPortrait UIInterfaceOrientationPortraitUpsideDown UIInterfaceOrientationLandscapeLeft UIInterfaceOrientationLandscapeRight";
				INFOPLIST_KEY_UISupportedInterfaceOrientations_iPhone = "UIInterfaceOrientationPortrait UIInterfaceOrientationLandscapeLeft UIInterfaceOrientationLandscapeRight";
				IPHONEOS_DEPLOYMENT_TARGET = 15.0;
				LD_RUNPATH_SEARCH_PATHS = (
					"$(inherited)",
					"@executable_path/Frameworks",
				);
				MARKETING_VERSION = 1.0;
				PRODUCT_BUNDLE_IDENTIFIER = com.kerdy.Kerdy;
				PRODUCT_NAME = "$(TARGET_NAME)";
				PROVISIONING_PROFILE_SPECIFIER = "";
				SWIFT_EMIT_LOC_STRINGS = YES;
				SWIFT_VERSION = 5.0;
				TARGETED_DEVICE_FAMILY = "1,2";
			};
			name = Release;
		};
		3164D4A92AE21F820054F440 /* Debug */ = {
			isa = XCBuildConfiguration;
			buildSettings = {
				ALWAYS_EMBED_SWIFT_STANDARD_LIBRARIES = YES;
				BUNDLE_LOADER = "$(TEST_HOST)";
				CODE_SIGN_STYLE = Automatic;
				CURRENT_PROJECT_VERSION = 1;
				GENERATE_INFOPLIST_FILE = YES;
				IPHONEOS_DEPLOYMENT_TARGET = 17.0;
				MARKETING_VERSION = 1.0;
				PRODUCT_BUNDLE_IDENTIFIER = com.kerdy.KerdyTests;
				PRODUCT_NAME = "$(TARGET_NAME)";
				SWIFT_EMIT_LOC_STRINGS = NO;
				SWIFT_VERSION = 5.0;
				TARGETED_DEVICE_FAMILY = "1,2";
				TEST_HOST = "$(BUILT_PRODUCTS_DIR)/Kerdy.app/$(BUNDLE_EXECUTABLE_FOLDER_PATH)/Kerdy";
			};
			name = Debug;
		};
		3164D4AA2AE21F820054F440 /* Release */ = {
			isa = XCBuildConfiguration;
			buildSettings = {
				ALWAYS_EMBED_SWIFT_STANDARD_LIBRARIES = YES;
				BUNDLE_LOADER = "$(TEST_HOST)";
				CODE_SIGN_STYLE = Automatic;
				CURRENT_PROJECT_VERSION = 1;
				GENERATE_INFOPLIST_FILE = YES;
				IPHONEOS_DEPLOYMENT_TARGET = 17.0;
				MARKETING_VERSION = 1.0;
				PRODUCT_BUNDLE_IDENTIFIER = com.kerdy.KerdyTests;
				PRODUCT_NAME = "$(TARGET_NAME)";
				SWIFT_EMIT_LOC_STRINGS = NO;
				SWIFT_VERSION = 5.0;
				TARGETED_DEVICE_FAMILY = "1,2";
				TEST_HOST = "$(BUILT_PRODUCTS_DIR)/Kerdy.app/$(BUNDLE_EXECUTABLE_FOLDER_PATH)/Kerdy";
			};
			name = Release;
		};
		3164D4AC2AE21F820054F440 /* Debug */ = {
			isa = XCBuildConfiguration;
			buildSettings = {
				ALWAYS_EMBED_SWIFT_STANDARD_LIBRARIES = YES;
				CODE_SIGN_STYLE = Automatic;
				CURRENT_PROJECT_VERSION = 1;
				GENERATE_INFOPLIST_FILE = YES;
				MARKETING_VERSION = 1.0;
				PRODUCT_BUNDLE_IDENTIFIER = com.kerdy.KerdyUITests;
				PRODUCT_NAME = "$(TARGET_NAME)";
				SWIFT_EMIT_LOC_STRINGS = NO;
				SWIFT_VERSION = 5.0;
				TARGETED_DEVICE_FAMILY = "1,2";
				TEST_TARGET_NAME = Kerdy;
			};
			name = Debug;
		};
		3164D4AD2AE21F820054F440 /* Release */ = {
			isa = XCBuildConfiguration;
			buildSettings = {
				ALWAYS_EMBED_SWIFT_STANDARD_LIBRARIES = YES;
				CODE_SIGN_STYLE = Automatic;
				CURRENT_PROJECT_VERSION = 1;
				GENERATE_INFOPLIST_FILE = YES;
				MARKETING_VERSION = 1.0;
				PRODUCT_BUNDLE_IDENTIFIER = com.kerdy.KerdyUITests;
				PRODUCT_NAME = "$(TARGET_NAME)";
				SWIFT_EMIT_LOC_STRINGS = NO;
				SWIFT_VERSION = 5.0;
				TARGETED_DEVICE_FAMILY = "1,2";
				TEST_TARGET_NAME = Kerdy;
			};
			name = Release;
		};
/* End XCBuildConfiguration section */

/* Begin XCConfigurationList section */
		3164D4762AE21F810054F440 /* Build configuration list for PBXProject "Kerdy" */ = {
			isa = XCConfigurationList;
			buildConfigurations = (
				3164D4A32AE21F820054F440 /* Debug */,
				3164D4A42AE21F820054F440 /* Release */,
			);
			defaultConfigurationIsVisible = 0;
			defaultConfigurationName = Release;
		};
		3164D4A52AE21F820054F440 /* Build configuration list for PBXNativeTarget "Kerdy" */ = {
			isa = XCConfigurationList;
			buildConfigurations = (
				3164D4A62AE21F820054F440 /* Debug */,
				3164D4A72AE21F820054F440 /* Release */,
			);
			defaultConfigurationIsVisible = 0;
			defaultConfigurationName = Release;
		};
		3164D4A82AE21F820054F440 /* Build configuration list for PBXNativeTarget "KerdyTests" */ = {
			isa = XCConfigurationList;
			buildConfigurations = (
				3164D4A92AE21F820054F440 /* Debug */,
				3164D4AA2AE21F820054F440 /* Release */,
			);
			defaultConfigurationIsVisible = 0;
			defaultConfigurationName = Release;
		};
		3164D4AB2AE21F820054F440 /* Build configuration list for PBXNativeTarget "KerdyUITests" */ = {
			isa = XCConfigurationList;
			buildConfigurations = (
				3164D4AC2AE21F820054F440 /* Debug */,
				3164D4AD2AE21F820054F440 /* Release */,
			);
			defaultConfigurationIsVisible = 0;
			defaultConfigurationName = Release;
		};
/* End XCConfigurationList section */

/* Begin XCLocalSwiftPackageReference section */
		31C050092AE22AD4000F8957 /* XCLocalSwiftPackageReference "../Core" */ = {
			isa = XCLocalSwiftPackageReference;
			relativePath = ../Core;
		};
/* End XCLocalSwiftPackageReference section */

/* Begin XCRemoteSwiftPackageReference section */
		3162F0712AEA775E001B1D32 /* XCRemoteSwiftPackageReference "RxSwift" */ = {
			isa = XCRemoteSwiftPackageReference;
			repositoryURL = "https://github.com/ReactiveX/RxSwift.git";
			requirement = {
				kind = upToNextMajorVersion;
				minimumVersion = 6.6.0;
			};
		};
		3164D4AF2AE223180054F440 /* XCRemoteSwiftPackageReference "Moya" */ = {
			isa = XCRemoteSwiftPackageReference;
			repositoryURL = "https://github.com/Moya/Moya.git";
			requirement = {
				kind = upToNextMajorVersion;
				minimumVersion = 15.0.3;
			};
		};
		3164D4B42AE223380054F440 /* XCRemoteSwiftPackageReference "SnapKit" */ = {
			isa = XCRemoteSwiftPackageReference;
			repositoryURL = "https://github.com/SnapKit/SnapKit.git";
			requirement = {
				kind = upToNextMajorVersion;
				minimumVersion = 5.6.0;
			};
		};
/* End XCRemoteSwiftPackageReference section */

/* Begin XCSwiftPackageProductDependency section */
		311620622AE252E600E26420 /* Core */ = {
			isa = XCSwiftPackageProductDependency;
			package = 31C050092AE22AD4000F8957 /* XCLocalSwiftPackageReference "../Core" */;
			productName = Core;
		};
		3162F0722AEA775E001B1D32 /* RxCocoa */ = {
			isa = XCSwiftPackageProductDependency;
			package = 3162F0712AEA775E001B1D32 /* XCRemoteSwiftPackageReference "RxSwift" */;
			productName = RxCocoa;
		};
		3162F0742AEA775E001B1D32 /* RxSwift */ = {
			isa = XCSwiftPackageProductDependency;
			package = 3162F0712AEA775E001B1D32 /* XCRemoteSwiftPackageReference "RxSwift" */;
			productName = RxSwift;
		};
		3164D4B02AE223180054F440 /* Moya */ = {
			isa = XCSwiftPackageProductDependency;
			package = 3164D4AF2AE223180054F440 /* XCRemoteSwiftPackageReference "Moya" */;
			productName = Moya;
		};
		3164D4B22AE223180054F440 /* RxMoya */ = {
			isa = XCSwiftPackageProductDependency;
			package = 3164D4AF2AE223180054F440 /* XCRemoteSwiftPackageReference "Moya" */;
			productName = RxMoya;
		};
		3164D4B62AE223400054F440 /* SnapKit */ = {
			isa = XCSwiftPackageProductDependency;
			package = 3164D4B42AE223380054F440 /* XCRemoteSwiftPackageReference "SnapKit" */;
			productName = SnapKit;
		};
/* End XCSwiftPackageProductDependency section */
	};
	rootObject = 3164D4732AE21F810054F440 /* Project object */;
}
